
Microsoft Visual Studio Solution File, Format Version 12.00
Project("{FAE04EC0-301F-11D3-BF4B-00C04F79EFBC}") = "DemoQRCode", "DemoQRCode\DemoQRCode.csproj", "{5A41CEDF-1B02-4558-9352-715FD582D2FB}"
EndProject
Global
	GlobalSection(SolutionConfigurationPlatforms) = preSolution
		Debug|Any CPU = Debug|Any CPU
		Release|Any CPU = Release|Any CPU
	EndGlobalSection
	GlobalSection(ProjectConfigurationPlatforms) = postSolution
		{5A41CEDF-1B02-4558-9352-715FD582D2FB}.Debug|Any CPU.ActiveCfg = Debug|Any CPU
		{5A41CEDF-1B02-4558-9352-715FD582D2FB}.Debug|Any CPU.Build.0 = Debug|Any CPU
		{5A41CEDF-1B02-4558-9352-715FD582D2FB}.Release|Any CPU.ActiveCfg = Release|Any CPU
		{5A41CEDF-1B02-4558-9352-715FD582D2FB}.Release|Any CPU.Build.0 = Release|Any CPU
	EndGlobalSection
EndGlobal
